// !$*UTF8*$!
{
	archiveVersion = 1;
	classes = {
	};
	objectVersion = 50;
	objects = {

/* Begin PBXBuildFile section */
		C2335B70224CADD50071048C /* Interop.mm in Sources */ = {isa = PBXBuildFile; fileRef = C2335B6E224CADD50071048C /* Interop.mm */; };
		C2335B74224CEAFA0071048C /* libffi.a in Frameworks */ = {isa = PBXBuildFile; fileRef = C2335B73224CEAFA0071048C /* libffi.a */; };
		C245885E224A4913000D147A /* libtorque_generated_initializers.a in Frameworks */ = {isa = PBXBuildFile; fileRef = C245885D224A4913000D147A /* libtorque_generated_initializers.a */; };
		C24F391A2225859D0027977A /* Console.cpp in Sources */ = {isa = PBXBuildFile; fileRef = C24F39192225859D0027977A /* Console.cpp */; };
		C2764AF6222BE705008F674F /* Metadata.mm in Sources */ = {isa = PBXBuildFile; fileRef = C2764AF4222BE705008F674F /* Metadata.mm */; };
		C2764AF9222E80AC008F674F /* MetadataBuilder.mm in Sources */ = {isa = PBXBuildFile; fileRef = C2764AF7222E80AC008F674F /* MetadataBuilder.mm */; };
		C2764AFC223644B3008F674F /* ObjectManager.cpp in Sources */ = {isa = PBXBuildFile; fileRef = C2764AFA223644B3008F674F /* ObjectManager.cpp */; };
		C27E278B22202664009C10A3 /* Main.storyboard in Resources */ = {isa = PBXBuildFile; fileRef = C27E278922202664009C10A3 /* Main.storyboard */; };
		C27E278D22202665009C10A3 /* Assets.xcassets in Resources */ = {isa = PBXBuildFile; fileRef = C27E278C22202665009C10A3 /* Assets.xcassets */; };
		C27E279322202665009C10A3 /* main.m in Sources */ = {isa = PBXBuildFile; fileRef = C27E279222202665009C10A3 /* main.m */; };
		C28B7AF222214A4D007DE2BA /* platform-ios.cpp in Sources */ = {isa = PBXBuildFile; fileRef = C28B7AF122214A4D007DE2BA /* platform-ios.cpp */; };
		C28B7AF422215505007DE2BA /* stack_trace_posix.cpp in Sources */ = {isa = PBXBuildFile; fileRef = C28B7AF322215505007DE2BA /* stack_trace_posix.cpp */; };
		C28B7B2D22241270007DE2BA /* Runtime.mm in Sources */ = {isa = PBXBuildFile; fileRef = C28B7B2C22241270007DE2BA /* Runtime.mm */; };
		C28B7B5A22252432007DE2BA /* ModuleInternal.mm in Sources */ = {isa = PBXBuildFile; fileRef = C28B7B5922252432007DE2BA /* ModuleInternal.mm */; };
		C2AAE9CB2243789A006FB9D3 /* ArgConverter.mm in Sources */ = {isa = PBXBuildFile; fileRef = C2AAE9C92243789A006FB9D3 /* ArgConverter.mm */; };
		C2AAE9CE224391A3006FB9D3 /* Caches.cpp in Sources */ = {isa = PBXBuildFile; fileRef = C2AAE9CC224391A3006FB9D3 /* Caches.cpp */; };
		C2AAE9D4224902FD006FB9D3 /* ClassBuilder.mm in Sources */ = {isa = PBXBuildFile; fileRef = C2AAE9D2224902FD006FB9D3 /* ClassBuilder.mm */; };
		C2AAE9D722490F50006FB9D3 /* Helpers.mm in Sources */ = {isa = PBXBuildFile; fileRef = C2AAE9D522490F50006FB9D3 /* Helpers.mm */; };
		C2B12EE32227C606000F6AFC /* SetTimeout.cpp in Sources */ = {isa = PBXBuildFile; fileRef = C2B12EE22227C606000F6AFC /* SetTimeout.cpp */; };
		C2B12F0022297FD7000F6AFC /* libv8_initializers.a in Frameworks */ = {isa = PBXBuildFile; fileRef = C2B12EF822297FD1000F6AFC /* libv8_initializers.a */; };
		C2B12F0122297FD7000F6AFC /* libv8_libbase.a in Frameworks */ = {isa = PBXBuildFile; fileRef = C2B12EF922297FD1000F6AFC /* libv8_libbase.a */; };
		C2B12F0222297FD7000F6AFC /* libv8_init.a in Frameworks */ = {isa = PBXBuildFile; fileRef = C2B12EFA22297FD2000F6AFC /* libv8_init.a */; };
		C2B12F0322297FD7000F6AFC /* libv8_external_snapshot.a in Frameworks */ = {isa = PBXBuildFile; fileRef = C2B12EFB22297FD2000F6AFC /* libv8_external_snapshot.a */; };
		C2B12F0422297FD7000F6AFC /* libv8_base.a in Frameworks */ = {isa = PBXBuildFile; fileRef = C2B12EFC22297FD5000F6AFC /* libv8_base.a */; };
		C2B12F0622297FD7000F6AFC /* libv8_libplatform.a in Frameworks */ = {isa = PBXBuildFile; fileRef = C2B12EFE22297FD7000F6AFC /* libv8_libplatform.a */; };
		C2B12F0722297FD7000F6AFC /* libv8_libsampler.a in Frameworks */ = {isa = PBXBuildFile; fileRef = C2B12EFF22297FD7000F6AFC /* libv8_libsampler.a */; };
		C2BC5DAC22561C370020F348 /* Tasks.cpp in Sources */ = {isa = PBXBuildFile; fileRef = C2BC5DAB22561C370020F348 /* Tasks.cpp */; };
		C2FF3001225202FC00933782 /* app in Resources */ = {isa = PBXBuildFile; fileRef = C2FF3000225202FC00933782 /* app */; };
		C2FF30152252034900933782 /* include in Resources */ = {isa = PBXBuildFile; fileRef = C2FF30142252034900933782 /* include */; };
		C2FF3021225209A700933782 /* UIKit.framework in Frameworks */ = {isa = PBXBuildFile; fileRef = C2FF301C2252062A00933782 /* UIKit.framework */; };
/* End PBXBuildFile section */

/* Begin PBXFileReference section */
		C2335B6E224CADD50071048C /* Interop.mm */ = {isa = PBXFileReference; lastKnownFileType = sourcecode.cpp.objcpp; path = Interop.mm; sourceTree = "<group>"; };
		C2335B6F224CADD50071048C /* Interop.h */ = {isa = PBXFileReference; lastKnownFileType = sourcecode.c.h; path = Interop.h; sourceTree = "<group>"; };
		C2335B73224CEAFA0071048C /* libffi.a */ = {isa = PBXFileReference; lastKnownFileType = archive.ar; path = libffi.a; sourceTree = "<group>"; };
		C245885D224A4913000D147A /* libtorque_generated_initializers.a */ = {isa = PBXFileReference; lastKnownFileType = archive.ar; path = libtorque_generated_initializers.a; sourceTree = "<group>"; };
		C24F39182225859D0027977A /* Console.h */ = {isa = PBXFileReference; lastKnownFileType = sourcecode.c.h; path = Console.h; sourceTree = "<group>"; };
		C24F39192225859D0027977A /* Console.cpp */ = {isa = PBXFileReference; lastKnownFileType = sourcecode.cpp.cpp; path = Console.cpp; sourceTree = "<group>"; };
		C2764AF4222BE705008F674F /* Metadata.mm */ = {isa = PBXFileReference; lastKnownFileType = sourcecode.cpp.objcpp; path = Metadata.mm; sourceTree = "<group>"; };
		C2764AF5222BE705008F674F /* Metadata.h */ = {isa = PBXFileReference; lastKnownFileType = sourcecode.c.h; path = Metadata.h; sourceTree = "<group>"; };
		C2764AF7222E80AC008F674F /* MetadataBuilder.mm */ = {isa = PBXFileReference; lastKnownFileType = sourcecode.cpp.objcpp; path = MetadataBuilder.mm; sourceTree = "<group>"; };
		C2764AF8222E80AC008F674F /* MetadataBuilder.h */ = {isa = PBXFileReference; lastKnownFileType = sourcecode.c.h; path = MetadataBuilder.h; sourceTree = "<group>"; };
		C2764AFA223644B3008F674F /* ObjectManager.cpp */ = {isa = PBXFileReference; lastKnownFileType = sourcecode.cpp.cpp; path = ObjectManager.cpp; sourceTree = "<group>"; };
		C2764AFB223644B3008F674F /* ObjectManager.h */ = {isa = PBXFileReference; lastKnownFileType = sourcecode.c.h; path = ObjectManager.h; sourceTree = "<group>"; };
		C27E278022202664009C10A3 /* v8ios.app */ = {isa = PBXFileReference; explicitFileType = wrapper.application; includeInIndex = 0; path = v8ios.app; sourceTree = BUILT_PRODUCTS_DIR; };
		C27E278A22202664009C10A3 /* Base */ = {isa = PBXFileReference; lastKnownFileType = file.storyboard; name = Base; path = Base.lproj/Main.storyboard; sourceTree = "<group>"; };
		C27E278C22202665009C10A3 /* Assets.xcassets */ = {isa = PBXFileReference; lastKnownFileType = folder.assetcatalog; path = Assets.xcassets; sourceTree = "<group>"; };
		C27E279122202665009C10A3 /* Info.plist */ = {isa = PBXFileReference; lastKnownFileType = text.plist.xml; path = Info.plist; sourceTree = "<group>"; };
		C27E279222202665009C10A3 /* main.m */ = {isa = PBXFileReference; lastKnownFileType = sourcecode.c.objc; path = main.m; sourceTree = "<group>"; };
		C28B7AF02221499D007DE2BA /* platform.h */ = {isa = PBXFileReference; lastKnownFileType = sourcecode.c.h; path = platform.h; sourceTree = "<group>"; };
		C28B7AF122214A4D007DE2BA /* platform-ios.cpp */ = {isa = PBXFileReference; lastKnownFileType = sourcecode.cpp.cpp; path = "platform-ios.cpp"; sourceTree = "<group>"; };
		C28B7AF322215505007DE2BA /* stack_trace_posix.cpp */ = {isa = PBXFileReference; lastKnownFileType = sourcecode.cpp.cpp; path = stack_trace_posix.cpp; sourceTree = "<group>"; };
		C28B7AF522215528007DE2BA /* stack_trace.h */ = {isa = PBXFileReference; lastKnownFileType = sourcecode.c.h; path = stack_trace.h; sourceTree = "<group>"; };
		C28B7B0E2223E6C0007DE2BA /* timezone-cache.h */ = {isa = PBXFileReference; lastKnownFileType = sourcecode.c.h; path = "timezone-cache.h"; sourceTree = "<group>"; };
		C28B7B2B22241122007DE2BA /* Runtime.h */ = {isa = PBXFileReference; lastKnownFileType = sourcecode.c.h; path = Runtime.h; sourceTree = "<group>"; };
		C28B7B2C22241270007DE2BA /* Runtime.mm */ = {isa = PBXFileReference; lastKnownFileType = sourcecode.cpp.objcpp; path = Runtime.mm; sourceTree = "<group>"; };
		C28B7B5822252431007DE2BA /* ModuleInternal.h */ = {isa = PBXFileReference; lastKnownFileType = sourcecode.c.h; path = ModuleInternal.h; sourceTree = "<group>"; };
		C28B7B5922252432007DE2BA /* ModuleInternal.mm */ = {isa = PBXFileReference; lastKnownFileType = sourcecode.cpp.objcpp; path = ModuleInternal.mm; sourceTree = "<group>"; };
		C2AAE9C8223BA685006FB9D3 /* StringHasher.h */ = {isa = PBXFileReference; lastKnownFileType = sourcecode.c.h; path = StringHasher.h; sourceTree = "<group>"; };
		C2AAE9C92243789A006FB9D3 /* ArgConverter.mm */ = {isa = PBXFileReference; lastKnownFileType = sourcecode.cpp.objcpp; path = ArgConverter.mm; sourceTree = "<group>"; };
		C2AAE9CA2243789A006FB9D3 /* ArgConverter.h */ = {isa = PBXFileReference; lastKnownFileType = sourcecode.c.h; path = ArgConverter.h; sourceTree = "<group>"; };
		C2AAE9CC224391A3006FB9D3 /* Caches.cpp */ = {isa = PBXFileReference; lastKnownFileType = sourcecode.cpp.cpp; path = Caches.cpp; sourceTree = "<group>"; };
		C2AAE9CD224391A3006FB9D3 /* Caches.h */ = {isa = PBXFileReference; lastKnownFileType = sourcecode.c.h; path = Caches.h; sourceTree = "<group>"; };
		C2AAE9D2224902FD006FB9D3 /* ClassBuilder.mm */ = {isa = PBXFileReference; lastKnownFileType = sourcecode.cpp.objcpp; path = ClassBuilder.mm; sourceTree = "<group>"; };
		C2AAE9D3224902FD006FB9D3 /* ClassBuilder.h */ = {isa = PBXFileReference; lastKnownFileType = sourcecode.c.h; path = ClassBuilder.h; sourceTree = "<group>"; };
		C2AAE9D522490F50006FB9D3 /* Helpers.mm */ = {isa = PBXFileReference; lastKnownFileType = sourcecode.cpp.objcpp; path = Helpers.mm; sourceTree = "<group>"; };
		C2AAE9D622490F50006FB9D3 /* Helpers.h */ = {isa = PBXFileReference; lastKnownFileType = sourcecode.c.h; path = Helpers.h; sourceTree = "<group>"; };
		C2B12EE12227C606000F6AFC /* SetTimeout.h */ = {isa = PBXFileReference; lastKnownFileType = sourcecode.c.h; path = SetTimeout.h; sourceTree = "<group>"; };
		C2B12EE22227C606000F6AFC /* SetTimeout.cpp */ = {isa = PBXFileReference; lastKnownFileType = sourcecode.cpp.cpp; path = SetTimeout.cpp; sourceTree = "<group>"; };
		C2B12EF022293CC3000F6AFC /* snapshot_blob.x86_64.h */ = {isa = PBXFileReference; fileEncoding = 4; lastKnownFileType = sourcecode.c.h; path = snapshot_blob.x86_64.h; sourceTree = "<group>"; };
		C2B12EF122293CC3000F6AFC /* natives_blob.x86_64.h */ = {isa = PBXFileReference; fileEncoding = 4; lastKnownFileType = sourcecode.c.h; path = natives_blob.x86_64.h; sourceTree = "<group>"; };
		C2B12EF4222957FC000F6AFC /* snapshot_blob.arm64.h */ = {isa = PBXFileReference; fileEncoding = 4; lastKnownFileType = sourcecode.c.h; path = snapshot_blob.arm64.h; sourceTree = "<group>"; };
		C2B12EF6222958D7000F6AFC /* natives_blob.arm64.h */ = {isa = PBXFileReference; fileEncoding = 4; lastKnownFileType = sourcecode.c.h; path = natives_blob.arm64.h; sourceTree = "<group>"; };
		C2B12EF822297FD1000F6AFC /* libv8_initializers.a */ = {isa = PBXFileReference; lastKnownFileType = archive.ar; path = libv8_initializers.a; sourceTree = "<group>"; };
		C2B12EF922297FD1000F6AFC /* libv8_libbase.a */ = {isa = PBXFileReference; lastKnownFileType = archive.ar; path = libv8_libbase.a; sourceTree = "<group>"; };
		C2B12EFA22297FD2000F6AFC /* libv8_init.a */ = {isa = PBXFileReference; lastKnownFileType = archive.ar; path = libv8_init.a; sourceTree = "<group>"; };
		C2B12EFB22297FD2000F6AFC /* libv8_external_snapshot.a */ = {isa = PBXFileReference; lastKnownFileType = archive.ar; path = libv8_external_snapshot.a; sourceTree = "<group>"; };
		C2B12EFC22297FD5000F6AFC /* libv8_base.a */ = {isa = PBXFileReference; lastKnownFileType = archive.ar; path = libv8_base.a; sourceTree = "<group>"; };
		C2B12EFE22297FD7000F6AFC /* libv8_libplatform.a */ = {isa = PBXFileReference; lastKnownFileType = archive.ar; path = libv8_libplatform.a; sourceTree = "<group>"; };
		C2B12EFF22297FD7000F6AFC /* libv8_libsampler.a */ = {isa = PBXFileReference; lastKnownFileType = archive.ar; path = libv8_libsampler.a; sourceTree = "<group>"; };
		C2BC5DAA225602C50020F348 /* Tasks.h */ = {isa = PBXFileReference; lastKnownFileType = sourcecode.c.h; path = Tasks.h; sourceTree = "<group>"; };
		C2BC5DAB22561C370020F348 /* Tasks.cpp */ = {isa = PBXFileReference; lastKnownFileType = sourcecode.cpp.cpp; path = Tasks.cpp; sourceTree = "<group>"; };
		C2FE377E224E61AA00847863 /* NativeScript.h */ = {isa = PBXFileReference; lastKnownFileType = sourcecode.c.h; path = NativeScript.h; sourceTree = "<group>"; };
		C2FE3780224E803700847863 /* DataWrapper.h */ = {isa = PBXFileReference; lastKnownFileType = sourcecode.c.h; path = DataWrapper.h; sourceTree = "<group>"; };
		C2FF3000225202FC00933782 /* app */ = {isa = PBXFileReference; lastKnownFileType = folder; path = app; sourceTree = "<group>"; };
		C2FF30142252034900933782 /* include */ = {isa = PBXFileReference; lastKnownFileType = folder; path = include; sourceTree = "<group>"; };
		C2FF3017225203FD00933782 /* Foundation.framework */ = {isa = PBXFileReference; lastKnownFileType = wrapper.framework; name = Foundation.framework; path = System/Library/Frameworks/Foundation.framework; sourceTree = SDKROOT; };
		C2FF301C2252062A00933782 /* UIKit.framework */ = {isa = PBXFileReference; lastKnownFileType = wrapper.framework; name = UIKit.framework; path = System/Library/Frameworks/UIKit.framework; sourceTree = SDKROOT; };
		C2FF301F2252065E00933782 /* CoreFoundation.framework */ = {isa = PBXFileReference; lastKnownFileType = wrapper.framework; name = CoreFoundation.framework; path = System/Library/Frameworks/CoreFoundation.framework; sourceTree = SDKROOT; };
/* End PBXFileReference section */

/* Begin PBXFrameworksBuildPhase section */
		C27E277D22202664009C10A3 /* Frameworks */ = {
			isa = PBXFrameworksBuildPhase;
			buildActionMask = 2147483647;
			files = (
				C2FF3021225209A700933782 /* UIKit.framework in Frameworks */,
				C2B12F0722297FD7000F6AFC /* libv8_libsampler.a in Frameworks */,
				C2B12F0122297FD7000F6AFC /* libv8_libbase.a in Frameworks */,
				C2335B74224CEAFA0071048C /* libffi.a in Frameworks */,
				C2B12F0622297FD7000F6AFC /* libv8_libplatform.a in Frameworks */,
				C2B12F0422297FD7000F6AFC /* libv8_base.a in Frameworks */,
				C245885E224A4913000D147A /* libtorque_generated_initializers.a in Frameworks */,
				C2B12F0222297FD7000F6AFC /* libv8_init.a in Frameworks */,
				C2B12F0322297FD7000F6AFC /* libv8_external_snapshot.a in Frameworks */,
				C2B12F0022297FD7000F6AFC /* libv8_initializers.a in Frameworks */,
			);
			runOnlyForDeploymentPostprocessing = 0;
		};
/* End PBXFrameworksBuildPhase section */

/* Begin PBXGroup section */
		C24F391D222598A80027977A /* Snapshot */ = {
			isa = PBXGroup;
			children = (
				C2B12EF6222958D7000F6AFC /* natives_blob.arm64.h */,
				C2B12EF4222957FC000F6AFC /* snapshot_blob.arm64.h */,
				C2B12EF122293CC3000F6AFC /* natives_blob.x86_64.h */,
				C2B12EF022293CC3000F6AFC /* snapshot_blob.x86_64.h */,
			);
			path = Snapshot;
			sourceTree = "<group>";
		};
		C24F391E222598C60027977A /* Runtime */ = {
			isa = PBXGroup;
			children = (
				C2FE377E224E61AA00847863 /* NativeScript.h */,
				C2AAE9CA2243789A006FB9D3 /* ArgConverter.h */,
				C2AAE9C92243789A006FB9D3 /* ArgConverter.mm */,
				C2AAE9CD224391A3006FB9D3 /* Caches.h */,
				C2AAE9CC224391A3006FB9D3 /* Caches.cpp */,
				C2AAE9D3224902FD006FB9D3 /* ClassBuilder.h */,
				C2AAE9D2224902FD006FB9D3 /* ClassBuilder.mm */,
				C24F39182225859D0027977A /* Console.h */,
				C24F39192225859D0027977A /* Console.cpp */,
				C2FE3780224E803700847863 /* DataWrapper.h */,
				C2AAE9D622490F50006FB9D3 /* Helpers.h */,
				C2AAE9D522490F50006FB9D3 /* Helpers.mm */,
				C2335B6F224CADD50071048C /* Interop.h */,
				C2335B6E224CADD50071048C /* Interop.mm */,
				C2764AF5222BE705008F674F /* Metadata.h */,
				C2764AF4222BE705008F674F /* Metadata.mm */,
				C2764AF8222E80AC008F674F /* MetadataBuilder.h */,
				C2764AF7222E80AC008F674F /* MetadataBuilder.mm */,
				C28B7B5822252431007DE2BA /* ModuleInternal.h */,
				C28B7B5922252432007DE2BA /* ModuleInternal.mm */,
				C2764AFB223644B3008F674F /* ObjectManager.h */,
				C2764AFA223644B3008F674F /* ObjectManager.cpp */,
				C28B7B2B22241122007DE2BA /* Runtime.h */,
				C28B7B2C22241270007DE2BA /* Runtime.mm */,
				C2B12EE12227C606000F6AFC /* SetTimeout.h */,
				C2B12EE22227C606000F6AFC /* SetTimeout.cpp */,
				C2AAE9C8223BA685006FB9D3 /* StringHasher.h */,
				C2BC5DAA225602C50020F348 /* Tasks.h */,
				C2BC5DAB22561C370020F348 /* Tasks.cpp */,
			);
			path = Runtime;
			sourceTree = "<group>";
		};
		C24F391F222598E40027977A /* V8Platform */ = {
			isa = PBXGroup;
			children = (
				C28B7AF02221499D007DE2BA /* platform.h */,
				C28B7B0E2223E6C0007DE2BA /* timezone-cache.h */,
				C28B7AF122214A4D007DE2BA /* platform-ios.cpp */,
				C28B7AF522215528007DE2BA /* stack_trace.h */,
				C28B7AF322215505007DE2BA /* stack_trace_posix.cpp */,
			);
			path = V8Platform;
			sourceTree = "<group>";
		};
		C27E277722202663009C10A3 = {
			isa = PBXGroup;
			children = (
				C27E278222202664009C10A3 /* v8ios */,
				C27E278122202664009C10A3 /* Products */,
				C2FF3016225203FD00933782 /* Frameworks */,
			);
			sourceTree = "<group>";
		};
		C27E278122202664009C10A3 /* Products */ = {
			isa = PBXGroup;
			children = (
				C27E278022202664009C10A3 /* v8ios.app */,
			);
			name = Products;
			sourceTree = "<group>";
		};
		C27E278222202664009C10A3 /* v8ios */ = {
			isa = PBXGroup;
			children = (
				C2FF30142252034900933782 /* include */,
				C2FF3000225202FC00933782 /* app */,
				C27E279922202720009C10A3 /* Frameworks */,
				C24F391F222598E40027977A /* V8Platform */,
				C24F391E222598C60027977A /* Runtime */,
				C24F391D222598A80027977A /* Snapshot */,
				C27E278922202664009C10A3 /* Main.storyboard */,
				C27E278C22202665009C10A3 /* Assets.xcassets */,
				C27E279122202665009C10A3 /* Info.plist */,
				C27E279222202665009C10A3 /* main.m */,
			);
			path = v8ios;
			sourceTree = "<group>";
		};
		C27E279922202720009C10A3 /* Frameworks */ = {
			isa = PBXGroup;
			children = (
				C2335B73224CEAFA0071048C /* libffi.a */,
				C245885D224A4913000D147A /* libtorque_generated_initializers.a */,
				C2B12EFC22297FD5000F6AFC /* libv8_base.a */,
				C2B12EFB22297FD2000F6AFC /* libv8_external_snapshot.a */,
				C2B12EFA22297FD2000F6AFC /* libv8_init.a */,
				C2B12EF822297FD1000F6AFC /* libv8_initializers.a */,
				C2B12EF922297FD1000F6AFC /* libv8_libbase.a */,
				C2B12EFE22297FD7000F6AFC /* libv8_libplatform.a */,
				C2B12EFF22297FD7000F6AFC /* libv8_libsampler.a */,
			);
			name = Frameworks;
			path = ..;
			sourceTree = "<group>";
		};
		C2FF3016225203FD00933782 /* Frameworks */ = {
			isa = PBXGroup;
			children = (
				C2FF301F2252065E00933782 /* CoreFoundation.framework */,
				C2FF301C2252062A00933782 /* UIKit.framework */,
				C2FF3017225203FD00933782 /* Foundation.framework */,
			);
			name = Frameworks;
			sourceTree = "<group>";
		};
/* End PBXGroup section */

/* Begin PBXNativeTarget section */
		C27E277F22202664009C10A3 /* v8ios */ = {
			isa = PBXNativeTarget;
			buildConfigurationList = C27E279622202665009C10A3 /* Build configuration list for PBXNativeTarget "v8ios" */;
			buildPhases = (
				C27E277C22202664009C10A3 /* Sources */,
				C27E277D22202664009C10A3 /* Frameworks */,
				C27E277E22202664009C10A3 /* Resources */,
			);
			buildRules = (
			);
			dependencies = (
			);
			name = v8ios;
			productName = v8ios;
			productReference = C27E278022202664009C10A3 /* v8ios.app */;
			productType = "com.apple.product-type.application";
		};
/* End PBXNativeTarget section */

/* Begin PBXProject section */
		C27E277822202663009C10A3 /* Project object */ = {
			isa = PBXProject;
			attributes = {
				LastUpgradeCheck = 1000;
				ORGANIZATIONNAME = Progress;
				TargetAttributes = {
					C27E277F22202664009C10A3 = {
						CreatedOnToolsVersion = 10.0;
					};
				};
			};
			buildConfigurationList = C27E277B22202663009C10A3 /* Build configuration list for PBXProject "v8ios" */;
			compatibilityVersion = "Xcode 9.3";
			developmentRegion = en;
			hasScannedForEncodings = 0;
			knownRegions = (
				en,
				Base,
			);
			mainGroup = C27E277722202663009C10A3;
			productRefGroup = C27E278122202664009C10A3 /* Products */;
			projectDirPath = "";
			projectRoot = "";
			targets = (
				C27E277F22202664009C10A3 /* v8ios */,
			);
		};
/* End PBXProject section */

/* Begin PBXResourcesBuildPhase section */
		C27E277E22202664009C10A3 /* Resources */ = {
			isa = PBXResourcesBuildPhase;
			buildActionMask = 2147483647;
			files = (
				C2FF3001225202FC00933782 /* app in Resources */,
				C27E278D22202665009C10A3 /* Assets.xcassets in Resources */,
				C27E278B22202664009C10A3 /* Main.storyboard in Resources */,
				C2FF30152252034900933782 /* include in Resources */,
			);
			runOnlyForDeploymentPostprocessing = 0;
		};
/* End PBXResourcesBuildPhase section */

/* Begin PBXSourcesBuildPhase section */
		C27E277C22202664009C10A3 /* Sources */ = {
			isa = PBXSourcesBuildPhase;
			buildActionMask = 2147483647;
			files = (
				C28B7AF422215505007DE2BA /* stack_trace_posix.cpp in Sources */,
				C27E279322202665009C10A3 /* main.m in Sources */,
				C2B12EE32227C606000F6AFC /* SetTimeout.cpp in Sources */,
				C2764AF6222BE705008F674F /* Metadata.mm in Sources */,
				C28B7AF222214A4D007DE2BA /* platform-ios.cpp in Sources */,
				C2764AF9222E80AC008F674F /* MetadataBuilder.mm in Sources */,
				C28B7B2D22241270007DE2BA /* Runtime.mm in Sources */,
				C2BC5DAC22561C370020F348 /* Tasks.cpp in Sources */,
				C2764AFC223644B3008F674F /* ObjectManager.cpp in Sources */,
				C2AAE9CB2243789A006FB9D3 /* ArgConverter.mm in Sources */,
				C2335B70224CADD50071048C /* Interop.mm in Sources */,
				C2AAE9D722490F50006FB9D3 /* Helpers.mm in Sources */,
				C2AAE9CE224391A3006FB9D3 /* Caches.cpp in Sources */,
				C24F391A2225859D0027977A /* Console.cpp in Sources */,
				C28B7B5A22252432007DE2BA /* ModuleInternal.mm in Sources */,
				C2AAE9D4224902FD006FB9D3 /* ClassBuilder.mm in Sources */,
			);
			runOnlyForDeploymentPostprocessing = 0;
		};
/* End PBXSourcesBuildPhase section */

/* Begin PBXVariantGroup section */
		C27E278922202664009C10A3 /* Main.storyboard */ = {
			isa = PBXVariantGroup;
			children = (
				C27E278A22202664009C10A3 /* Base */,
			);
			name = Main.storyboard;
			sourceTree = "<group>";
		};
/* End PBXVariantGroup section */

/* Begin XCBuildConfiguration section */
		C27E279422202665009C10A3 /* Debug */ = {
			isa = XCBuildConfiguration;
			buildSettings = {
				ALWAYS_SEARCH_USER_PATHS = NO;
				CLANG_ANALYZER_NONNULL = YES;
				CLANG_ANALYZER_NUMBER_OBJECT_CONVERSION = YES_AGGRESSIVE;
				CLANG_CXX_LANGUAGE_STANDARD = "gnu++14";
				CLANG_CXX_LIBRARY = "libc++";
				CLANG_ENABLE_MODULES = YES;
				CLANG_ENABLE_OBJC_ARC = YES;
				CLANG_ENABLE_OBJC_WEAK = YES;
				CLANG_WARN_BLOCK_CAPTURE_AUTORELEASING = YES;
				CLANG_WARN_BOOL_CONVERSION = YES;
				CLANG_WARN_COMMA = YES;
				CLANG_WARN_CONSTANT_CONVERSION = YES;
				CLANG_WARN_DEPRECATED_OBJC_IMPLEMENTATIONS = YES;
				CLANG_WARN_DIRECT_OBJC_ISA_USAGE = YES_ERROR;
				CLANG_WARN_DOCUMENTATION_COMMENTS = YES;
				CLANG_WARN_EMPTY_BODY = YES;
				CLANG_WARN_ENUM_CONVERSION = YES;
				CLANG_WARN_INFINITE_RECURSION = YES;
				CLANG_WARN_INT_CONVERSION = YES;
				CLANG_WARN_NON_LITERAL_NULL_CONVERSION = YES;
				CLANG_WARN_OBJC_IMPLICIT_RETAIN_SELF = YES;
				CLANG_WARN_OBJC_LITERAL_CONVERSION = YES;
				CLANG_WARN_OBJC_ROOT_CLASS = YES_ERROR;
				CLANG_WARN_RANGE_LOOP_ANALYSIS = YES;
				CLANG_WARN_STRICT_PROTOTYPES = YES;
				CLANG_WARN_SUSPICIOUS_MOVE = YES;
				CLANG_WARN_UNGUARDED_AVAILABILITY = YES_AGGRESSIVE;
				CLANG_WARN_UNREACHABLE_CODE = YES;
				CLANG_WARN__DUPLICATE_METHOD_MATCH = YES;
				CODE_SIGN_IDENTITY = "iPhone Developer";
				COPY_PHASE_STRIP = NO;
				DEBUG_INFORMATION_FORMAT = dwarf;
				ENABLE_STRICT_OBJC_MSGSEND = YES;
				ENABLE_TESTABILITY = YES;
				GCC_C_LANGUAGE_STANDARD = gnu11;
				GCC_DYNAMIC_NO_PIC = NO;
				GCC_NO_COMMON_BLOCKS = YES;
				GCC_OPTIMIZATION_LEVEL = 0;
				GCC_PREPROCESSOR_DEFINITIONS = (
					"DEBUG=1",
					"$(inherited)",
				);
				GCC_WARN_64_TO_32_BIT_CONVERSION = YES;
				GCC_WARN_ABOUT_RETURN_TYPE = YES_ERROR;
				GCC_WARN_UNDECLARED_SELECTOR = YES;
				GCC_WARN_UNINITIALIZED_AUTOS = YES_AGGRESSIVE;
				GCC_WARN_UNUSED_FUNCTION = YES;
				GCC_WARN_UNUSED_VARIABLE = YES;
				IPHONEOS_DEPLOYMENT_TARGET = 12.0;
				MTL_ENABLE_DEBUG_INFO = INCLUDE_SOURCE;
				MTL_FAST_MATH = YES;
				ONLY_ACTIVE_ARCH = YES;
				SDKROOT = iphoneos;
			};
			name = Debug;
		};
		C27E279522202665009C10A3 /* Release */ = {
			isa = XCBuildConfiguration;
			buildSettings = {
				ALWAYS_SEARCH_USER_PATHS = NO;
				CLANG_ANALYZER_NONNULL = YES;
				CLANG_ANALYZER_NUMBER_OBJECT_CONVERSION = YES_AGGRESSIVE;
				CLANG_CXX_LANGUAGE_STANDARD = "gnu++14";
				CLANG_CXX_LIBRARY = "libc++";
				CLANG_ENABLE_MODULES = YES;
				CLANG_ENABLE_OBJC_ARC = YES;
				CLANG_ENABLE_OBJC_WEAK = YES;
				CLANG_WARN_BLOCK_CAPTURE_AUTORELEASING = YES;
				CLANG_WARN_BOOL_CONVERSION = YES;
				CLANG_WARN_COMMA = YES;
				CLANG_WARN_CONSTANT_CONVERSION = YES;
				CLANG_WARN_DEPRECATED_OBJC_IMPLEMENTATIONS = YES;
				CLANG_WARN_DIRECT_OBJC_ISA_USAGE = YES_ERROR;
				CLANG_WARN_DOCUMENTATION_COMMENTS = YES;
				CLANG_WARN_EMPTY_BODY = YES;
				CLANG_WARN_ENUM_CONVERSION = YES;
				CLANG_WARN_INFINITE_RECURSION = YES;
				CLANG_WARN_INT_CONVERSION = YES;
				CLANG_WARN_NON_LITERAL_NULL_CONVERSION = YES;
				CLANG_WARN_OBJC_IMPLICIT_RETAIN_SELF = YES;
				CLANG_WARN_OBJC_LITERAL_CONVERSION = YES;
				CLANG_WARN_OBJC_ROOT_CLASS = YES_ERROR;
				CLANG_WARN_RANGE_LOOP_ANALYSIS = YES;
				CLANG_WARN_STRICT_PROTOTYPES = YES;
				CLANG_WARN_SUSPICIOUS_MOVE = YES;
				CLANG_WARN_UNGUARDED_AVAILABILITY = YES_AGGRESSIVE;
				CLANG_WARN_UNREACHABLE_CODE = YES;
				CLANG_WARN__DUPLICATE_METHOD_MATCH = YES;
				CODE_SIGN_IDENTITY = "iPhone Developer";
				COPY_PHASE_STRIP = NO;
				DEBUG_INFORMATION_FORMAT = "dwarf-with-dsym";
				ENABLE_NS_ASSERTIONS = NO;
				ENABLE_STRICT_OBJC_MSGSEND = YES;
				GCC_C_LANGUAGE_STANDARD = gnu11;
				GCC_NO_COMMON_BLOCKS = YES;
				GCC_WARN_64_TO_32_BIT_CONVERSION = YES;
				GCC_WARN_ABOUT_RETURN_TYPE = YES_ERROR;
				GCC_WARN_UNDECLARED_SELECTOR = YES;
				GCC_WARN_UNINITIALIZED_AUTOS = YES_AGGRESSIVE;
				GCC_WARN_UNUSED_FUNCTION = YES;
				GCC_WARN_UNUSED_VARIABLE = YES;
				IPHONEOS_DEPLOYMENT_TARGET = 12.0;
				MTL_ENABLE_DEBUG_INFO = NO;
				MTL_FAST_MATH = YES;
				SDKROOT = iphoneos;
				VALIDATE_PRODUCT = YES;
			};
			name = Release;
		};
		C27E279722202665009C10A3 /* Debug */ = {
			isa = XCBuildConfiguration;
			buildSettings = {
				ASSETCATALOG_COMPILER_APPICON_NAME = AppIcon;
				CLANG_CXX_LIBRARY = "libc++";
				CODE_SIGN_IDENTITY = "iPhone Developer";
				CODE_SIGN_STYLE = Automatic;
				DEVELOPMENT_TEAM = W7TGC3P93K;
				ENABLE_BITCODE = YES;
				INFOPLIST_FILE = v8ios/Info.plist;
				IPHONEOS_DEPLOYMENT_TARGET = 10.0;
				LD_RUNPATH_SEARCH_PATHS = (
					"$(inherited)",
					"@executable_path/Frameworks",
				);
				LIBRARY_SEARCH_PATHS = (
					"$(inherited)",
					"$(PROJECT_DIR)",
				);
				PRODUCT_BUNDLE_IDENTIFIER = org.nativescript.v8ios;
				PRODUCT_NAME = "$(TARGET_NAME)";
				PROVISIONING_PROFILE_SPECIFIER = "";
				TARGETED_DEVICE_FAMILY = "1,2";
				USER_HEADER_SEARCH_PATHS = "$(SRCROOT)/v8ios/include";
			};
			name = Debug;
		};
		C27E279822202665009C10A3 /* Release */ = {
			isa = XCBuildConfiguration;
			buildSettings = {
				ASSETCATALOG_COMPILER_APPICON_NAME = AppIcon;
				CLANG_CXX_LIBRARY = "libc++";
				CODE_SIGN_IDENTITY = "iPhone Developer";
				CODE_SIGN_STYLE = Automatic;
				DEVELOPMENT_TEAM = W7TGC3P93K;
				ENABLE_BITCODE = YES;
				INFOPLIST_FILE = v8ios/Info.plist;
				IPHONEOS_DEPLOYMENT_TARGET = 10.0;
				LD_RUNPATH_SEARCH_PATHS = (
					"$(inherited)",
					"@executable_path/Frameworks",
				);
				LIBRARY_SEARCH_PATHS = (
					"$(inherited)",
					"$(PROJECT_DIR)",
				);
				PRODUCT_BUNDLE_IDENTIFIER = org.nativescript.v8ios;
				PRODUCT_NAME = "$(TARGET_NAME)";
				PROVISIONING_PROFILE_SPECIFIER = "";
				TARGETED_DEVICE_FAMILY = "1,2";
				USER_HEADER_SEARCH_PATHS = "$(SRCROOT)/v8ios/include";
			};
			name = Release;
		};
/* End XCBuildConfiguration section */

/* Begin XCConfigurationList section */
		C27E277B22202663009C10A3 /* Build configuration list for PBXProject "v8ios" */ = {
			isa = XCConfigurationList;
			buildConfigurations = (
				C27E279422202665009C10A3 /* Debug */,
				C27E279522202665009C10A3 /* Release */,
			);
			defaultConfigurationIsVisible = 0;
			defaultConfigurationName = Release;
		};
		C27E279622202665009C10A3 /* Build configuration list for PBXNativeTarget "v8ios" */ = {
			isa = XCConfigurationList;
			buildConfigurations = (
				C27E279722202665009C10A3 /* Debug */,
				C27E279822202665009C10A3 /* Release */,
			);
			defaultConfigurationIsVisible = 0;
			defaultConfigurationName = Release;
		};
/* End XCConfigurationList section */
	};
	rootObject = C27E277822202663009C10A3 /* Project object */;
}
